cloudeng.io/algo v0.0.0-20260811183008-f4a9fe6187d0 h1:SAGvaNsUtZFD+hx/IsOgdPKdRttfa8pwRa1htDVfNGk=
cloudeng.io/algo v0.0.0-20260811183008-f4a9fe6187d0/go.mod h1:VXfkJ15IS4nXNdqqndiOceVAY49AXmQVBsaz/MIyZw4=
cloudeng.io/algo v0.0.0-20260811191230-bf36fce425cf h1:jT9X13UqP5ZLnKtzc6QAcgx7S9QfOYMTEAAC34oDIrc=
cloudeng.io/algo v0.0.0-20260811191230-bf36fce425cf/go.mod h1:VXfkJ15IS4nXNdqqndiOceVAY49AXmQVBsaz/MIyZw4=
cloudeng.io/aws v0.0.0-20260811183008-f4a9fe6187d0 h1:9JKUtbyoIY2caJUprIqiJzjwcSccrUIZJDp8lL2GHnU=
cloudeng.io/aws v0.0.0-20260811183008-f4a9fe6187d0/go.mod h1:E9BV0d6X+Y2UENdrWv4mhKh41SCZ1OyqAJ3yK3Gktjg=
cloudeng.io/aws v0.0.0-20260811191230-bf36fce425cf h1:NehRCcZ+UpOc/J4+/9KCQ8zNRxK3TD8y0Y7EctSHl3o=
cloudeng.io/aws v0.0.0-20260811191230-bf36fce425cf/go.mod h1:E9BV0d6X+Y2UENdrWv4mhKh41SCZ1OyqAJ3yK3Gktjg=
cloudeng.io/cicd v0.0.0-20260527194618-4cb6d4558850 h1:owpTcpW3NwVZ94CFaeSdaMWgoTmVv8XUjCbfYEGpUcc=
cloudeng.io/cicd v0.0.0-20260527194618-4cb6d4558850/go.mod h1:pI98u5ytMFakWkLK2yrVvHyRlzcyYArBYA4xKR1vPj8=
cloudeng.io/cmdutil v0.0.0-20260811191230-bf36fce425cf h1:6mjwcN2fjXcau4z+WH2xIf4Ipako79PNlhXUDd8HzQA=
cloudeng.io/cmdutil v0.0.0-20260811191230-bf36fce425cf/go.mod h1:yILKbXqnduHStHPRuxeBSwWDkr9D/ogJ3aT7iTKJpEg=
cloudeng.io/cmdutil v0.0.0-20260816210930-dbebf0fb0b3e h1:eQ2SP8Ke1lLM8qLGi9fkjLNUpiVwHWRtHFywMonNypE=
cloudeng.io/cmdutil v0.0.0-20260816210930-dbebf0fb0b3e/go.mod h1:yILKbXqnduHStHPRuxeBSwWDkr9D/ogJ3aT7iTKJpEg=
cloudeng.io/debug v0.0.0-20260527194618-4cb6d4558850 h1:gUar3YNqSdi+uvszdB44uBuutJnWWZX1lzAzlT/Y0IA=
cloudeng.io/debug v0.0.0-20260527194618-4cb6d4558850/go.mod h1:MECwal0eFhXI3wixLVjNGnXohW4qGQRg+J68yQWmi9k=
cloudeng.io/errors v0.0.14-0.20260312171538-61fcde6ce278 h1:zvkZ9WBpBjerUAhl+SLCcQLar2mNdsA0kFc0Ku5NKVQ=
cloudeng.io/errors v0.0.14-0.20260312171538-61fcde6ce278/go.mod h1:6TivTMjXopNNZ0eNsac9MfYij1WC6R0gJcsSIxcunIA=
cloudeng.io/file v0.0.0-20260811183008-f4a9fe6187d0 h1:K83K0oQ6n6wr5fQUgMAXGYS5bBBsW8u6lxtp7eslsFQ=
cloudeng.io/file v0.0.0-20260811183008-f4a9fe6187d0/go.mod h1:MFiOUFh/WinccePsv4mBMw6ryDg6+MV5zey7d3bxDtk=
cloudeng.io/file v0.0.0-20260811191230-bf36fce425cf h1:pFp7Z0ZBMWvpew+vqDzmWXGVh461Gp3iRdGiVLbO98c=
cloudeng.io/file v0.0.0-20260811191230-bf36fce425cf/go.mod h1:MFiOUFh/WinccePsv4mBMw6ryDg6+MV5zey7d3bxDtk=
cloudeng.io/file v0.0.0-20260816192340-d05f07f415c6 h1:T56k8ly+NvH55YQh39UijL7ndp1Dwg60yeMzCRrOCE0=
cloudeng.io/file v0.0.0-20260816192340-d05f07f415c6/go.mod h1:x5B3hG7++m9gNNHo+TOLK14iKd5XWXOcx6mUgsb9wdw=
cloudeng.io/linux v0.0.0-20251206055912-df09039c8e99 h1:J0lsVFlcxoc7AC64YHay9ApcpVl6TOWn4/5yv0FkNzo=
cloudeng.io/linux v0.0.0-20251206055912-df09039c8e99/go.mod h1:3O+nIzuMa60qq1kLbV0JPRj05PdZMJuUbqOFam8P5XU=
cloudeng.io/logging v0.0.0-20260811183008-f4a9fe6187d0 h1:7F6HRO1cIqDHdl8/cWlbayrsJd7oheGi/aBQ4cMXZ+U=
cloudeng.io/logging v0.0.0-20260811183008-f4a9fe6187d0/go.mod h1:1srNtLRpQsIoLck/p/JmvR/QfwfPbDO/65orqtdh1N0=
cloudeng.io/logging v0.0.0-20260811191230-bf36fce425cf h1:KtYzrLMWVy0xbwsMQAbGMdDM3WapDZqX909CwqDsk+o=
cloudeng.io/logging v0.0.0-20260811191230-bf36fce425cf/go.mod h1:1srNtLRpQsIoLck/p/JmvR/QfwfPbDO/65orqtdh1N0=
cloudeng.io/logging v0.0.0-20260816210930-dbebf0fb0b3e h1:JO1cDnQ6xLeRbHgwEKKDBwm0LMWu6LH8NgEkZU8Esbo=
cloudeng.io/logging v0.0.0-20260816210930-dbebf0fb0b3e/go.mod h1:1srNtLRpQsIoLck/p/JmvR/QfwfPbDO/65orqtdh1N0=
cloudeng.io/os v0.0.0-20260811191230-bf36fce425cf h1:dlVGTm68JkCCRHsA3ifkrcPtGKpFGa+lC5hsVAOgku8=
cloudeng.io/os v0.0.0-20260811191230-bf36fce425cf/go.mod h1:KywG7sgIIrXujykkH/b3vWROeOJBHMwZlhpp4670Hgo=
cloudeng.io/os v0.0.0-20260816210930-dbebf0fb0b3e h1:ncJBA2aDhXpU6gkpp+4WKzrriCwGhgS0puSvzzsCwcw=
cloudeng.io/os v0.0.0-20260816210930-dbebf0fb0b3e/go.mod h1:KywG7sgIIrXujykkH/b3vWROeOJBHMwZlhpp4670Hgo=
cloudeng.io/security v0.0.0-20260811191230-bf36fce425cf h1:Mmrheu7SDSB1gTkYDwP/TFUvvLBNnQOTQq5pDhsOATw=
cloudeng.io/security v0.0.0-20260811191230-bf36fce425cf/go.mod h1:jWSovaXLUT2WT8SyC22XKb+I7v02RMrvTPn1xp8XRnc=
cloudeng.io/security v0.0.0-20260816210930-dbebf0fb0b3e h1:mm1e8BTLwhP0FW5NCMs2WK5x2U4dg+J5hRKX1Vw/Dq0=
cloudeng.io/security v0.0.0-20260816210930-dbebf0fb0b3e/go.mod h1:u+yADFlD+6qMGpQbZ6JoSMA60W8L9zForWgmCKDFiI0=
cloudeng.io/sync v0.0.12-0.20260804222138-e9281ed260ba h1:2+U9tNRu/+O1rHgv2mxRTU80lgUCJSxDFDswbKumBx8=
cloudeng.io/sync v0.0.12-0.20260804222138-e9281ed260ba/go.mod h1:35kcugrX/RVGQjSfyLMciOCloX34nFfnkQsdks75Ao0=
cloudeng.io/sys v0.0.0-20260811183008-f4a9fe6187d0 h1:TzNcN6N2l8QVp7hfYefEGYFZnoD5JXn7ZvUb0etMS1g=
cloudeng.io/sys v0.0.0-20260811183008-f4a9fe6187d0/go.mod h1:743L2810r+Sw0FLR4r5G8a3UsEWniPRFYovEvMNpRBE=
cloudeng.io/sys v0.0.0-20260811191230-bf36fce425cf h1:7NMaUaB2zlMRZW3LryD/sOS11awU1v78FC+pTH4uV6M=
cloudeng.io/sys v0.0.0-20260811191230-bf36fce425cf/go.mod h1:743L2810r+Sw0FLR4r5G8a3UsEWniPRFYovEvMNpRBE=
cloudeng.io/text v0.0.16-0.20260624171915-da98fe9dec2b h1:otn38p2Jnt/wSY3b4frIaXVFP9suUCTVIXd2gK1JZJY=
cloudeng.io/text v0.0.16-0.20260624171915-da98fe9dec2b/go.mod h1:8U06bDX6RVeRzivT66GHyvoY5rGB/CVOEH1duqmFcpc=
cloudeng.io/vms v0.0.0-20260811183008-f4a9fe6187d0 h1:bh36HwmY4+cHd+YJAW8cua1TwfNEm4nxJX4fEfg89xY=
cloudeng.io/vms v0.0.0-20260811183008-f4a9fe6187d0/go.mod h1:PlOb/cK2Ph1bvzP7+1kKOnPkMJPdMh8f2jHTKairBEQ=
cloudeng.io/vms v0.0.0-20260811191230-bf36fce425cf h1:L2OxXRDH5PKi84SfaGKMfZUDE6a6qFVpxASBfxxpWig=
cloudeng.io/vms v0.0.0-20260811191230-bf36fce425cf/go.mod h1:PlOb/cK2Ph1bvzP7+1kKOnPkMJPdMh8f2jHTKairBEQ=
cloudeng.io/windows v0.0.0-20251203211350-c30caae1cc5e h1:88FLgbskFkcsZSgh3jncYqYBg1J2eLHGzmdp74APrCQ=
cloudeng.io/windows v0.0.0-20251203211350-c30caae1cc5e/go.mod h1:tUOArMXLISe8OY+lHimWwdHMev5N7MwQGczQgTYZb3Y=
github.com/Microsoft/go-winio v0.6.2 h1:F2VQgta7ecxGYO8k3ZZz3RS8fVIXVxONVUPlNERoyfY=
github.com/Microsoft/go-winio v0.6.2/go.mod h1:yd8OoFMLzJbo9gZq8j5qaps8bJ9aShtEA8Ipt1oGCvU=
github.com/aws/aws-sdk-go-v2 v1.43.5 h1:yKT5GYnFWhuDo+DqKvE5ZPwVn3RjC4MAeBtZGlh6AVM=
github.com/aws/aws-sdk-go-v2 v1.43.5/go.mod h1:wZjAJppCntyOGgVSmgVTfDyRJK5PHOasO6Wsy8U7Axk=
github.com/aws/aws-sdk-go-v2/aws/protocol/eventstream v1.7.17 h1:mn+Vxb9zgz/FE/yDTcFim3DZ1qpcrxR+qBQkBrl6bzA=
github.com/aws/aws-sdk-go-v2/aws/protocol/eventstream v1.7.17/go.mod h1:eDfmEFxu+BSVsUGLbzJhWjpOurv1mqczClS97yI8wdk=
github.com/aws/aws-sdk-go-v2/config v1.32.36 h1:mX6ietU7UlB4w/2IUaexJdsyUDvhTd+jYPjVePiyi6s=
github.com/aws/aws-sdk-go-v2/config v1.32.36/go.mod h1:rMpV4xk7ZK59edraSaHP0jsWrztWTT5tbCwWY495hug=
github.com/aws/aws-sdk-go-v2/credentials v1.19.35 h1:Cxua2RVdRwL0sfjHM/SnQoOnQ7xKng9m5EQBO8BnZlg=
github.com/aws/aws-sdk-go-v2/credentials v1.19.35/go.mod h1:9XQ+RSIGPkycr+oCJYnB1uTv5kMVVR+rd2vYK0Hxj2w=
github.com/aws/aws-sdk-go-v2/feature/ec2/imds v1.18.36 h1:gucL1KH/PAYbpTpBg09CiVpBdTu4qkCl8C7xOTBixUg=
github.com/aws/aws-sdk-go-v2/feature/ec2/imds v1.18.36/go.mod h1:usTB+PHhNMhrx2dxUeHcM7OrT5pySvmjYI++IsefPN0=
github.com/aws/aws-sdk-go-v2/internal/configsources v1.4.36 h1:5CrzwxDqf4w3x1Vs3/NiZ0nsC34Hbm3pIDMWbsLebOE=
github.com/aws/aws-sdk-go-v2/internal/configsources v1.4.36/go.mod h1:A3gHdKZIvG/QXERzZwcxNS3RNDFcRCuhhTFBYp+V/nw=
github.com/aws/aws-sdk-go-v2/internal/endpoints/v2 v2.7.36 h1:A4N2f4YPcST0v+dWtX+xrpPPCL9VTBhoIFFUWYqbacE=
github.com/aws/aws-sdk-go-v2/internal/endpoints/v2 v2.7.36/go.mod h1:B/Qr859uxWUEfZeGotK5KAEoof4Q9YWgNtPSwV6jcyk=
github.com/aws/aws-sdk-go-v2/internal/v4a v1.4.37 h1:oyd3ke4V9AhKcRR7rRgxk1VyI+DjK2CBQtbxh3OkdaA=
github.com/aws/aws-sdk-go-v2/internal/v4a v1.4.37/go.mod h1:aA9D7SqfG9IC1b7FLD7Iyc8Q4JN0a8gHhNjN4zPlIaI=
github.com/aws/aws-sdk-go-v2/service/ec2 v1.321.1 h1:rywWzHJUn9975OI1crMvzPzCPnwm1n5yVmU0HDc/izE=
github.com/aws/aws-sdk-go-v2/service/ec2 v1.321.1/go.mod h1:r6DvSY3Gc51qW84EFQ175rEriqyz9cIOU9zxAGSnb7A=
github.com/aws/aws-sdk-go-v2/service/internal/accept-encoding v1.13.16 h1:iE4NGbvqUZnHDqddQAauZzCILYtFjOHwRM5MOOKLB5A=
github.com/aws/aws-sdk-go-v2/service/internal/accept-encoding v1.13.16/go.mod h1:VsjEgrP+ibcou8TlWA4tYaB+0OojuhirsmCe+U60hTA=
github.com/aws/aws-sdk-go-v2/service/internal/checksum v1.9.29 h1:E65Hj648dOV6FuUfI0mYXXhQRHbsi7n+B9h6fZPJO/E=
github.com/aws/aws-sdk-go-v2/service/internal/checksum v1.9.29/go.mod h1:xLrF9yNTCs92VZSpdEd68EJbgcdw3SMR74RO6QDzWHE=
github.com/aws/aws-sdk-go-v2/service/internal/presigned-url v1.13.36 h1:fx2ujmozWn+C/GtfXfz5k6Ckzza40ElOpIW7d92fLWQ=
github.com/aws/aws-sdk-go-v2/service/internal/presigned-url v1.13.36/go.mod h1:QT2ufGVJ+xTRxtXPHTQ1kHkAdWIKPCmD+BqYAXWv8/4=
github.com/aws/aws-sdk-go-v2/service/internal/s3shared v1.19.37 h1:KGHa9iZCrgtkOsFfXb0S4ywsjostA/hau7WE9aSb43E=
github.com/aws/aws-sdk-go-v2/service/internal/s3shared v1.19.37/go.mod h1:FV79f0DSnZIEGsQjWenENGtUycrasyAaJZO+zRanLHA=
github.com/aws/aws-sdk-go-v2/service/kms v1.55.5 h1:49KDQ1f+uLd4TjJiQYygh4S8MbS9sMzwXX1GsTiUKYU=
github.com/aws/aws-sdk-go-v2/service/kms v1.55.5/go.mod h1:+Gq7FXsWQj7NSyBubSxmKN0yM713GYudgGnJIpuNqOo=
github.com/aws/aws-sdk-go-v2/service/s3 v1.107.1 h1:VUTtUJMuRNMkb/7NIKmd8NQaeQLPGCMoTJxkYKre4qM=
github.com/aws/aws-sdk-go-v2/service/s3 v1.107.1/go.mod h1:WvUaO0lP5GNMs1R6cs6qvB3mqo16GLta8yfOuf55Rpc=
github.com/aws/aws-sdk-go-v2/service/secretsmanager v1.44.5 h1:Bly2ZxYuCW925rQrAUop7E1bVda2kJQahuqqPUSVjsA=
github.com/aws/aws-sdk-go-v2/service/secretsmanager v1.44.5/go.mod h1:1v44JgDoT1ZSy/b+aACyg4iHb9jTyRsOnybgVmZ5FTM=
github.com/aws/aws-sdk-go-v2/service/sesv2 v1.66.5 h1:Ze60LqdZiItMt6rkQ3wRzAtVQofI1Pe50///26TtJlc=
github.com/aws/aws-sdk-go-v2/service/sesv2 v1.66.5/go.mod h1:vHG8K/J3z3F74KXuF5+tb32Gz29H9j86ybcMZTfjyEI=
github.com/aws/aws-sdk-go-v2/service/signin v1.5.5 h1:0VTFBfOgPJrUSpGMgzoi8qLcXF5dbmiBuxpo14eBWUw=
github.com/aws/aws-sdk-go-v2/service/signin v1.5.5/go.mod h1:sNZYlBxoohYMBYl47BO/bFtAM6I8HSsPa1qwwPPRGoQ=
github.com/aws/aws-sdk-go-v2/service/sso v1.33.5 h1:jDQARFp1mJ2PEnllQf01nfFXGfWMJ59e0/HCHUTTZCk=
github.com/aws/aws-sdk-go-v2/service/sso v1.33.5/go.mod h1:OcT2AhgTuxGAwZk5hgxaNLGpS33W8s8dUQadGVDVY9I=
github.com/aws/aws-sdk-go-v2/service/ssooidc v1.38.5 h1:8xo1q9ttkYqMJ6vOXX67FPSpVEI7BWKVTKh77g82w+8=
github.com/aws/aws-sdk-go-v2/service/ssooidc v1.38.5/go.mod h1:hbBeEUrZg6VddXYZpbKPyF0tl4XEnM+Dbx92RW3vmZI=
github.com/aws/aws-sdk-go-v2/service/sts v1.45.5 h1:eQ5BtXDrPg2wK0AjtVPzeBhUpYPeqHE/ptiH7xJRGek=
github.com/aws/aws-sdk-go-v2/service/sts v1.45.5/go.mod h1:f9ImhnOISY7BuTZLM8qHepCYnglHBVLk5wVzatmP++w=
github.com/aws/smithy-go v1.27.7 h1:Zgj5z4LfcDYoQIVk+n/yGdTkP/2y6ZT5vYxe0fp7bqE=
github.com/aws/smithy-go v1.27.7/go.mod h1:YE2RhdIuDbA5E5bTdciG9KrW3+TiEONeUWCqxX9i1Fc=
github.com/cespare/xxhash/v2 v2.3.0 h1:UL815xU9SqsFlibzuggzjXhog7bL6oX9BbNZnL2UFvs=
github.com/cespare/xxhash/v2 v2.3.0/go.mod h1:VGX0DQ3Q6kWi7AoAeZDth3/j3BFtOZR5XLFGgcrjCOs=
github.com/cloudengio/go-keychain v0.0.0-20251120230617-c4053f60cda7 h1:LgH6IfVJzTyEdvGxT3JwI3NHf6jJs5UJjmSbEMfjb0s=
github.com/cloudengio/go-keychain v0.0.0-20251120230617-c4053f60cda7/go.mod h1:hGaE9Nd6EP9OJuiIvSaiB8dcX/RDTgkXRObngT649ng=
github.com/cloudengio/keyctl v0.0.0-20251205212509-b187ca61e8c2 h1:YKFjZ8zz8DEml4RS5mkCE/bFSbn4/igthub5isP+FBQ=
github.com/cloudengio/keyctl v0.0.0-20251205212509-b187ca61e8c2/go.mod h1:xSjoYUTOB/0ltvEfY7ymDKZbFWErYmCVBbV9GTTZwF0=
github.com/containerd/errdefs v1.0.0 h1:tg5yIfIlQIrxYtu9ajqY42W3lpS19XqdxRQeEwYG8PI=
github.com/containerd/errdefs v1.0.0/go.mod h1:+YBYIdtsnF4Iw6nWZhJcqGSg/dwvV7tyJ/kCkyJ2k+M=
github.com/containerd/errdefs/pkg v0.3.0 h1:9IKJ06FvyNlexW690DXuQNx2KA2cUJXx151Xdx3ZPPE=
github.com/containerd/errdefs/pkg v0.3.0/go.mod h1:NJw6s9HwNuRhnjJhM7pylWwMyAkmCQvQ4GpJHEqRLVk=
github.com/distribution/reference v0.6.0 h1:0IXCQ5g4/QMHHkarYzh5l+u8T3t73zM5QvfrDyIgxBk=
github.com/distribution/reference v0.6.0/go.mod h1:BbU0aIcezP1/5jX/8MP0YiH4SdvB5Y4f/wlDRiLyi3E=
github.com/docker/docker v28.5.2+incompatible h1:DBX0Y0zAjZbSrm1uzOkdr1onVghKaftjlSWt4AFexzM=
github.com/docker/docker v28.5.2+incompatible/go.mod h1:eEKB0N0r5NX/I1kEveEz05bcu8tLC/8azJZsviup8Sk=
github.com/docker/go-connections v0.8.1 h1:JibmG5hULs5qXSr/cp/w3Pw5fZuStt4MOHMUExb29/M=
github.com/docker/go-connections v0.8.1/go.mod h1:no1qkHdjq7kLMGUXYAduOhYPSJxxvgWBh7ogVvptn3Q=
github.com/docker/go-units v0.5.0 h1:69rxXcBk27SvSaaxTtLh/8llcHD8vYHT7WSdRZ/jvr4=
github.com/docker/go-units v0.5.0/go.mod h1:fgPhTUdO+D/Jk86RDLlptpiXQzgHJF7gydDDbaIK4Dk=
github.com/felixge/httpsnoop v1.1.0 h1:3YtUj32ZZkqZtt3sZZsClsymw/QDuVfpNhoA31zeORc=
github.com/felixge/httpsnoop v1.1.0/go.mod h1:Zqxgdd+1Rkcz8euOqdr7lqgCRJztwr5hp9vDSi5UZCE=
github.com/go-logr/logr v1.4.4 h1:tG4xh9yMsRCAiodLVTxyrkzSZ9+o0L1Kg/+cPVcbP/8=
github.com/go-logr/logr v1.4.4/go.mod h1:9T104GzyrTigFIr8wt5mBrctHMim0Nb2HLGrmQ40KvY=
github.com/go-logr/stdr v1.2.2 h1:hSWxHoqTgW2S2qGc0LTAI563KZ5YKYRhT3MFKZMbjag=
github.com/go-logr/stdr v1.2.2/go.mod h1:mMo/vtBO5dYbehREoey6XUKy/eSumjCCveDpRre4VKE=
github.com/google/uuid v1.6.0 h1:NIvaJDMOsjHA8n1jAhLSgzrAzy1Hgr+hNrb57e+94F0=
github.com/google/uuid v1.6.0/go.mod h1:TIyPZe4MgqvfeYDBFedMoGGpEw/LqOeaOT+nhxU+yHo=
github.com/jessevdk/go-flags v1.4.0/go.mod h1:4FA24M0QyGHXBuZZK/XkWh8h0e1EYbRYJSGM75WSRxI=
github.com/kr/pretty v0.3.1 h1:flRD4NNwYAUpkphVc1HcthR4KEIFJ65n8Mw5qdRn3LE=
github.com/kr/pretty v0.3.1/go.mod h1:hoEshYVHaxMs3cyo3Yncou5ZscifuDolrwPKZanG3xk=
github.com/kr/text v0.2.0 h1:5Nx0Ya0ZqY2ygV366QzturHI13Jq95ApcVaJBhpS+AY=
github.com/kr/text v0.2.0/go.mod h1:eLer722TekiGuMkidMxC/pM04lWEeraHUUmBw8l2grE=
github.com/moby/docker-image-spec v1.3.1 h1:jMKff3w6PgbfSa69GfNg+zN/XLhfXJGnEx3Nl2EsFP0=
github.com/moby/docker-image-spec v1.3.1/go.mod h1:eKmb5VW8vQEh/BAr2yvVNvuiJuY6UIocYsFu/DxxRpo=
github.com/opencontainers/go-digest v1.0.0 h1:apOUWs51W5PlhuyGyz9FCeeBIOUDA/6nW8Oi/yOhh5U=
github.com/opencontainers/go-digest v1.0.0/go.mod h1:0JzlMkj0TRzQZfJkVvzbP0HBR3IKzErnv2BNG4W4MAM=
github.com/opencontainers/image-spec v1.1.1 h1:y0fUlFfIZhPF1W537XOLg0/fcx6zcHCJwooC2xJA040=
github.com/opencontainers/image-spec v1.1.1/go.mod h1:qpqAh3Dmcf36wStyyWU+kCeDgrGnAve2nCC8+7h8Q0M=
github.com/orlangure/gnomock v0.32.0 h1:96KCsqbDUaKz2nKkGqC0nIlJeCRaSfEpSi4CljBp8zk=
github.com/orlangure/gnomock v0.32.0/go.mod h1:CpMbwyCmPFpeLrsA5LIUcMrGm7LOf9+2JE+taayrUPc=
github.com/pkg/errors v0.9.1 h1:FEBLx1zS214owpjy7qsBeixbURkuhQAwrK5UwLGTwt4=
github.com/pkg/errors v0.9.1/go.mod h1:bwawxfHBFNV+L2hUp1rHADufV3IMtnDRdf1r5NINEl0=
github.com/rogpeppe/go-internal v1.14.1 h1:UQB4HGPB6osV0SQTLymcB4TgvyWu6ZyliaW0tI/otEQ=
github.com/rogpeppe/go-internal v1.14.1/go.mod h1:MaRKkUm5W0goXpeCfT7UZI6fk/L7L7so1lCWt35ZSgc=
go.opentelemetry.io/auto/sdk v1.2.1 h1:jXsnJ4Lmnqd11kwkBV2LgLoFMZKizbCi5fNZ/ipaZ64=
go.opentelemetry.io/auto/sdk v1.2.1/go.mod h1:KRTj+aOaElaLi+wW1kO/DZRXwkF4C5xPbEe3ZiIhN7Y=
go.opentelemetry.io/contrib/instrumentation/net/http/otelhttp v0.70.0 h1:LMuyCAyfalSjDyjdC65nK6N0zoTT63+E/u95X0JovZI=
go.opentelemetry.io/contrib/instrumentation/net/http/otelhttp v0.70.0/go.mod h1:085m8qbm4hgc8rZWGDEa4vmyyo2c3nPxUslYUKUIU04=
go.opentelemetry.io/otel v1.45.0 h1:pdrWmLHofpubmArBv1LgFSv1Z0Ie/ppdZzu+kUN5EeU=
go.opentelemetry.io/otel v1.45.0/go.mod h1:XZxIqPapzEYnhNSScF5DIqXhm/rYi0FzCe2XddAwZfQ=
go.opentelemetry.io/otel/metric v1.45.0 h1:7Eg1uH7CJ5cXv9is6tnBe1FI6rj1nwUdbFypRm3br/M=
go.opentelemetry.io/otel/metric v1.45.0/go.mod h1:HAPbm1nd3p1PmFH7v2dR+6BjXxw+Lq4a2+pndMAm08s=
go.opentelemetry.io/otel/trace v1.45.0 h1:l/mP6Uv7oNO7/TblbhpbgMidxhq1uO/rPsikOyVhxag=
go.opentelemetry.io/otel/trace v1.45.0/go.mod h1:qoJJA2xNMnxRrdISU/kLtfUH2wNeQbiv+jhs/CxI8bc=
go.uber.org/multierr v1.11.0 h1:blXXJkSxSSfBVBlC76pxqeO+LN3aDfLQo+309xJstO0=
go.uber.org/multierr v1.11.0/go.mod h1:20+QtiLqy0Nd6FdQB9TLXag12DsQkrbs3htMFfDN80Y=
go.uber.org/zap v1.28.0 h1:IZzaP1Fv73/T/pBMLk4VutPl36uNC+OSUh3JLG3FIjo=
go.uber.org/zap v1.28.0/go.mod h1:rDLpOi171uODNm/mxFcuYWxDsqWSAVkFdX4XojSKg/Q=
golang.org/x/sync v0.22.0 h1:SZjpbeLmrCk4xhRSZFNZW5gFUeCeFgjekvI/+gfScek=
golang.org/x/sync v0.22.0/go.mod h1:9xrNwdLfx4jkKbNva9FpL6vEN7evnE43NNNJQ2LF3+0=
golang.org/x/sys v0.47.0 h1:o7XGOvZQCADBQQ4Y7VNq2dRWQR7JmOUW8Kxx4ZsNgWs=
golang.org/x/sys v0.47.0/go.mod h1:4GL1E5IUh+htKOUEOaiffhrAeqysfVGipDYzABqnCmw=
gopkg.in/check.v1 v0.0.0-20161208181325-20d25e280405/go.mod h1:Co6ibVJAznAaIkqp8huTwlJQCZ016jof/cbN4VW5Yz0=
gopkg.in/check.v1 v1.0.0-20201130134442-10cb98267c6c h1:Hei/4ADfdWqJk1ZMxUNpqntNwaWcugrBjAiHlqqRiVk=
gopkg.in/check.v1 v1.0.0-20201130134442-10cb98267c6c/go.mod h1:JHkPIbrfpd72SG/EVd6muEfDQjcINNoR0C8j2r3qZ4Q=
gopkg.in/yaml.v1 v1.0.0-20140924161607-9f9df34309c0/go.mod h1:WDnlLJ4WF5VGsH/HVa3CI79GS0ol3YnhVnKP89i0kNg=
gopkg.in/yaml.v3 v3.0.1 h1:fxVm/GzAzEWqLHuvctI91KS9hhNmmWOoWu0XTYJS7CA=
gopkg.in/yaml.v3 v3.0.1/go.mod h1:K4uyk7z7BCEPqu6E+C64Yfv1cQ7kz7rIZviUmN+EgEM=
howett.net/plist v1.0.1 h1:37GdZ8tP09Q35o9ych3ehygcsL+HqKSwzctveSlarvM=
howett.net/plist v1.0.1/go.mod h1:lqaXoTrLY4hg8tnEzNru53gicrbv7rrk+2xJA/7hw9g=
