cloudeng.io/cmdutil v0.0.0-20251122012532-070b66c9803a h1:YtlKaCCdn6nzckqXTLn7jlglCg0CS4kwj+80HFaUMTQ=
cloudeng.io/cmdutil v0.0.0-20251122012532-070b66c9803a/go.mod h1:FOMZ13e4NUrAGTiqb7EY4nRZWfwbZUz3TL86Z5kJftA=
cloudeng.io/cmdutil v0.0.0-20251208163045-9b42e92aeda3 h1:whgjZiY1AzLaGxNAEO6nRP4scqnZ/mV4lfV5ELjXU44=
cloudeng.io/cmdutil v0.0.0-20251208163045-9b42e92aeda3/go.mod h1:FOMZ13e4NUrAGTiqb7EY4nRZWfwbZUz3TL86Z5kJftA=
cloudeng.io/cmdutil v0.0.0-20251210231338-d661eee74313 h1:QNrKQJfgTxKKAYXjnsq6AgIUJBX70x3AFDkI14x1Tds=
cloudeng.io/cmdutil v0.0.0-20251210231338-d661eee74313/go.mod h1:FOMZ13e4NUrAGTiqb7EY4nRZWfwbZUz3TL86Z5kJftA=
cloudeng.io/errors v0.0.13-0.20251104013446-a84136171725 h1:mhCFtK326UvQpY4UvjhOJODVu1CqDpZMB3mrjkQ3Rz0=
cloudeng.io/errors v0.0.13-0.20251104013446-a84136171725/go.mod h1:+IAMDlCNxHDxlWE9vjkPxED0d7Wzt7Nl3REebuCO4m8=
cloudeng.io/file v0.0.0-20251122012532-070b66c9803a h1:ATmhZRC5fhZ82AYMQ63yzCBIlI1IzKxJwPZFRcqVYQo=
cloudeng.io/file v0.0.0-20251122012532-070b66c9803a/go.mod h1:dgJl/nOmxeGrrC3mZRfPHFtKyDjN5cbZ2OUQBCyCHt4=
cloudeng.io/file v0.0.0-20251208163045-9b42e92aeda3 h1:njGc0aXZnhPBYFxxKK1vX2yJEpDV5DeN9nmQrRNK6wg=
cloudeng.io/file v0.0.0-20251208163045-9b42e92aeda3/go.mod h1:dgJl/nOmxeGrrC3mZRfPHFtKyDjN5cbZ2OUQBCyCHt4=
cloudeng.io/linux v0.0.0-20251206055912-df09039c8e99 h1:J0lsVFlcxoc7AC64YHay9ApcpVl6TOWn4/5yv0FkNzo=
cloudeng.io/linux v0.0.0-20251206055912-df09039c8e99/go.mod h1:3O+nIzuMa60qq1kLbV0JPRj05PdZMJuUbqOFam8P5XU=
cloudeng.io/logging v0.0.0-20251122012532-070b66c9803a h1:gqLDaOr0M3w7Tqi1WGC2bwfFi7DvlLVrlCJhV/8Vc3o=
cloudeng.io/logging v0.0.0-20251122012532-070b66c9803a/go.mod h1:D0TUs3Aiwa1c7xI/TE7JITYnICck34r6DR5twakJjIs=
cloudeng.io/logging v0.0.0-20251208163045-9b42e92aeda3 h1:Oo+81A7oNWd6sEYf91g7Qnlk5Vidc7uQlJvVp2zw8wg=
cloudeng.io/logging v0.0.0-20251208163045-9b42e92aeda3/go.mod h1:D0TUs3Aiwa1c7xI/TE7JITYnICck34r6DR5twakJjIs=
cloudeng.io/os v0.0.0-20251120181725-ae601f12dbbf h1:5nGyCfNCf6+rMUgIABC1XdSbXDmtZGRQntgpGqu89Tc=
cloudeng.io/os v0.0.0-20251120181725-ae601f12dbbf/go.mod h1:UuSncaIdaiCWJbgz8sOcFQF1BhMCS60S5KjKFSOwW1c=
cloudeng.io/security v0.0.0-20251122012532-070b66c9803a h1:ISibsQE5gEM3iHoBFWs8v+61heiofG0aJNHV0df4dfU=
cloudeng.io/security v0.0.0-20251122012532-070b66c9803a/go.mod h1:Iq7eQRSrdt7xhOA7aBoLlNO1I7ENIwm6Jy6sPP7qbaU=
cloudeng.io/security v0.0.0-20251125013633-3c07666643e0 h1:DSpR+0IoAdUJ8BZEkvcEDE81j/LRFQXVI6hEFPiC4f4=
cloudeng.io/security v0.0.0-20251125013633-3c07666643e0/go.mod h1:Iq7eQRSrdt7xhOA7aBoLlNO1I7ENIwm6Jy6sPP7qbaU=
cloudeng.io/security v0.0.0-20251125014238-45c1f1f1e76d h1:fmIOUQDCuoJpYKdlIzSVO7pLJhI3ddOoCioIokPL2zc=
cloudeng.io/security v0.0.0-20251125014238-45c1f1f1e76d/go.mod h1:Iq7eQRSrdt7xhOA7aBoLlNO1I7ENIwm6Jy6sPP7qbaU=
cloudeng.io/security v0.0.0-20251125021217-131da06a5809 h1:opZJLtBnweIFGHsiJZnjIIrQrh3HRJ9BVAsw8Q7lwE8=
cloudeng.io/security v0.0.0-20251125021217-131da06a5809/go.mod h1:Iq7eQRSrdt7xhOA7aBoLlNO1I7ENIwm6Jy6sPP7qbaU=
cloudeng.io/security v0.0.0-20251125183018-c1f8db3ba610 h1:eer96meEmuZ9UJw7F6EcAddmkqOhqQcOUx+Q+fhEh74=
cloudeng.io/security v0.0.0-20251125183018-c1f8db3ba610/go.mod h1:Iq7eQRSrdt7xhOA7aBoLlNO1I7ENIwm6Jy6sPP7qbaU=
cloudeng.io/security v0.0.0-20251125185808-c30e6cae2e30 h1:k7AUxjV3itnxW2AT8/XbmBp3pPgK07YVuPj/Szi1DWg=
cloudeng.io/security v0.0.0-20251125185808-c30e6cae2e30/go.mod h1:Iq7eQRSrdt7xhOA7aBoLlNO1I7ENIwm6Jy6sPP7qbaU=
cloudeng.io/security v0.0.0-20251125212038-1e8b65a7457e h1:/qsPjOkzAThqnQ3P3vQJlXsUAC/g57Pg0FP8tISJWmg=
cloudeng.io/security v0.0.0-20251125212038-1e8b65a7457e/go.mod h1:Iq7eQRSrdt7xhOA7aBoLlNO1I7ENIwm6Jy6sPP7qbaU=
cloudeng.io/security v0.0.0-20251208163045-9b42e92aeda3 h1:XwbU654eKp8sIP1KYvdzbx72KJgmgxfgKw6Gd5JKyUw=
cloudeng.io/security v0.0.0-20251208163045-9b42e92aeda3/go.mod h1:Iq7eQRSrdt7xhOA7aBoLlNO1I7ENIwm6Jy6sPP7qbaU=
cloudeng.io/security v0.0.0-20251210231338-d661eee74313 h1:YC9eRIN13AA3AHG4/mM/7DrLsMw6xl2nQvETso9TN8o=
cloudeng.io/security v0.0.0-20251210231338-d661eee74313/go.mod h1:Iq7eQRSrdt7xhOA7aBoLlNO1I7ENIwm6Jy6sPP7qbaU=
cloudeng.io/text v0.0.13 h1:ivKGX9ssgYKrXQt+csSOA/HTmsdbxrVUnkCQyikI7ok=
cloudeng.io/text v0.0.13/go.mod h1:6rDG6qEzGxe8ePNBz7VwSf0ps9p9ihDB/uXSFR0CJvk=
github.com/cloudengio/go-keychain v0.0.0-20251120230617-c4053f60cda7 h1:LgH6IfVJzTyEdvGxT3JwI3NHf6jJs5UJjmSbEMfjb0s=
github.com/cloudengio/go-keychain v0.0.0-20251120230617-c4053f60cda7/go.mod h1:hGaE9Nd6EP9OJuiIvSaiB8dcX/RDTgkXRObngT649ng=
github.com/cloudengio/go-keychain v0.0.0-20251124224605-8c77d5473deb h1:hagJCR9eFSP9xQemGM4cPERVGEnRktURyb/AIihxO3c=
github.com/cloudengio/go-keychain v0.0.0-20251124224605-8c77d5473deb/go.mod h1:hGaE9Nd6EP9OJuiIvSaiB8dcX/RDTgkXRObngT649ng=
github.com/cloudengio/go-keychain v0.0.0-20251125022659-ebcfd00a9f45 h1:3BzrEgeG3cXCXHDZuQI5/Xx7wXLqF32vQuB59ol6VtA=
github.com/cloudengio/go-keychain v0.0.0-20251125022659-ebcfd00a9f45/go.mod h1:hGaE9Nd6EP9OJuiIvSaiB8dcX/RDTgkXRObngT649ng=
github.com/cloudengio/go-keychain v0.0.0-20251125174133-2c25c9b378eb h1:zIj/zy0ZyEcytVaur2HcuKcTtnk+eb6NLNUUNb8qPd0=
github.com/cloudengio/go-keychain v0.0.0-20251125174133-2c25c9b378eb/go.mod h1:hGaE9Nd6EP9OJuiIvSaiB8dcX/RDTgkXRObngT649ng=
github.com/cloudengio/go-keychain v0.0.0-20251125180914-6ea4ac78a001 h1:us6+Jpn2m9Dl6ev9b0KiJjnwTfZRPgXnvsKEr9Pxrjw=
github.com/cloudengio/go-keychain v0.0.0-20251125180914-6ea4ac78a001/go.mod h1:hGaE9Nd6EP9OJuiIvSaiB8dcX/RDTgkXRObngT649ng=
github.com/cloudengio/keyctl v0.0.0-20251205212509-b187ca61e8c2 h1:YKFjZ8zz8DEml4RS5mkCE/bFSbn4/igthub5isP+FBQ=
github.com/cloudengio/keyctl v0.0.0-20251205212509-b187ca61e8c2/go.mod h1:xSjoYUTOB/0ltvEfY7ymDKZbFWErYmCVBbV9GTTZwF0=
github.com/jessevdk/go-flags v1.4.0/go.mod h1:4FA24M0QyGHXBuZZK/XkWh8h0e1EYbRYJSGM75WSRxI=
golang.org/x/sys v0.38.0 h1:3yZWxaJjBmCWXqhN1qh02AkOnCQ1poK6oF+a7xWL6Gc=
golang.org/x/sys v0.38.0/go.mod h1:OgkHotnGiDImocRcuBABYBEXf8A9a87e/uXjp9XT3ks=
golang.org/x/sys v0.39.0 h1:CvCKL8MeisomCi6qNZ+wbb0DN9E5AATixKsvNtMoMFk=
golang.org/x/sys v0.39.0/go.mod h1:OgkHotnGiDImocRcuBABYBEXf8A9a87e/uXjp9XT3ks=
gopkg.in/check.v1 v0.0.0-20161208181325-20d25e280405 h1:yhCVgyC4o1eVCa2tZl7eS0r+SDo693bJlVdllGtEeKM=
gopkg.in/check.v1 v0.0.0-20161208181325-20d25e280405/go.mod h1:Co6ibVJAznAaIkqp8huTwlJQCZ016jof/cbN4VW5Yz0=
gopkg.in/yaml.v1 v1.0.0-20140924161607-9f9df34309c0/go.mod h1:WDnlLJ4WF5VGsH/HVa3CI79GS0ol3YnhVnKP89i0kNg=
gopkg.in/yaml.v3 v3.0.1 h1:fxVm/GzAzEWqLHuvctI91KS9hhNmmWOoWu0XTYJS7CA=
gopkg.in/yaml.v3 v3.0.1/go.mod h1:K4uyk7z7BCEPqu6E+C64Yfv1cQ7kz7rIZviUmN+EgEM=
howett.net/plist v1.0.1 h1:37GdZ8tP09Q35o9ych3ehygcsL+HqKSwzctveSlarvM=
howett.net/plist v1.0.1/go.mod h1:lqaXoTrLY4hg8tnEzNru53gicrbv7rrk+2xJA/7hw9g=
