cloudeng.io/cmdutil v0.0.0-20251119053757-d58e85373552 h1:BegHV/eybidKU5qobpKtCWkpAeL+YpW/Um08fCuRMOE=
cloudeng.io/cmdutil v0.0.0-20251119053757-d58e85373552/go.mod h1:DPmPt2BHWbkbVQ96AwvESlACDFHncHvXNqdFs0/e/68=
cloudeng.io/os v0.0.0-20251119175537-cb617f2ab9c4 h1:Cs19rx9GwWOe+Vlq3kcfagpXOL5RpYo0ZKMkBwMwhNE=
cloudeng.io/os v0.0.0-20251119175537-cb617f2ab9c4/go.mod h1:UuSncaIdaiCWJbgz8sOcFQF1BhMCS60S5KjKFSOwW1c=
cloudeng.io/text v0.0.13 h1:ivKGX9ssgYKrXQt+csSOA/HTmsdbxrVUnkCQyikI7ok=
cloudeng.io/text v0.0.13/go.mod h1:6rDG6qEzGxe8ePNBz7VwSf0ps9p9ihDB/uXSFR0CJvk=
github.com/cloudengio/go-keychain v0.0.0-20251119184527-ddc7d2e1d0cb h1:1YMjGqR77dAg1Cu0ooIH7crlh75y/p7ry23bndtHojY=
github.com/cloudengio/go-keychain v0.0.0-20251119184527-ddc7d2e1d0cb/go.mod h1:hGaE9Nd6EP9OJuiIvSaiB8dcX/RDTgkXRObngT649ng=
github.com/jessevdk/go-flags v1.4.0/go.mod h1:4FA24M0QyGHXBuZZK/XkWh8h0e1EYbRYJSGM75WSRxI=
gopkg.in/check.v1 v0.0.0-20161208181325-20d25e280405 h1:yhCVgyC4o1eVCa2tZl7eS0r+SDo693bJlVdllGtEeKM=
gopkg.in/check.v1 v0.0.0-20161208181325-20d25e280405/go.mod h1:Co6ibVJAznAaIkqp8huTwlJQCZ016jof/cbN4VW5Yz0=
gopkg.in/yaml.v1 v1.0.0-20140924161607-9f9df34309c0/go.mod h1:WDnlLJ4WF5VGsH/HVa3CI79GS0ol3YnhVnKP89i0kNg=
gopkg.in/yaml.v3 v3.0.1 h1:fxVm/GzAzEWqLHuvctI91KS9hhNmmWOoWu0XTYJS7CA=
gopkg.in/yaml.v3 v3.0.1/go.mod h1:K4uyk7z7BCEPqu6E+C64Yfv1cQ7kz7rIZviUmN+EgEM=
howett.net/plist v1.0.1 h1:37GdZ8tP09Q35o9ych3ehygcsL+HqKSwzctveSlarvM=
howett.net/plist v1.0.1/go.mod h1:lqaXoTrLY4hg8tnEzNru53gicrbv7rrk+2xJA/7hw9g=
