cloudeng.io/cmdutil v0.0.0-20251119053757-d58e85373552 h1:BegHV/eybidKU5qobpKtCWkpAeL+YpW/Um08fCuRMOE=
cloudeng.io/cmdutil v0.0.0-20251119053757-d58e85373552/go.mod h1:DPmPt2BHWbkbVQ96AwvESlACDFHncHvXNqdFs0/e/68=
cloudeng.io/cmdutil v0.0.0-20251120223035-dddae1c360ce h1:kVCEhq9C5Ac70VrVJlT1rg0WrPsiqTrWeyIUjcbJjOY=
cloudeng.io/cmdutil v0.0.0-20251120223035-dddae1c360ce/go.mod h1:FOMZ13e4NUrAGTiqb7EY4nRZWfwbZUz3TL86Z5kJftA=
cloudeng.io/file v0.0.0-20251120223035-dddae1c360ce h1:sBd3WLgQeUTcW/gIGEPQrRRlbouCwVSys8gIxnBlSWs=
cloudeng.io/file v0.0.0-20251120223035-dddae1c360ce/go.mod h1:dgJl/nOmxeGrrC3mZRfPHFtKyDjN5cbZ2OUQBCyCHt4=
cloudeng.io/logging v0.0.0-20251120223035-dddae1c360ce h1:hrAfSHXG0fA2e2X+eXfskiRLwjv/k8wJF5/Ich7eNGE=
cloudeng.io/logging v0.0.0-20251120223035-dddae1c360ce/go.mod h1:D0TUs3Aiwa1c7xI/TE7JITYnICck34r6DR5twakJjIs=
cloudeng.io/os v0.0.0-20251119175537-cb617f2ab9c4 h1:Cs19rx9GwWOe+Vlq3kcfagpXOL5RpYo0ZKMkBwMwhNE=
cloudeng.io/os v0.0.0-20251119175537-cb617f2ab9c4/go.mod h1:UuSncaIdaiCWJbgz8sOcFQF1BhMCS60S5KjKFSOwW1c=
cloudeng.io/os v0.0.0-20251120181725-ae601f12dbbf/go.mod h1:UuSncaIdaiCWJbgz8sOcFQF1BhMCS60S5KjKFSOwW1c=
cloudeng.io/security v0.0.0-20251120223035-dddae1c360ce h1:sTt0tNasAljzcsLHjFVAivVE32hss/zIcgt87AX+2wQ=
cloudeng.io/security v0.0.0-20251120223035-dddae1c360ce/go.mod h1:Iq7eQRSrdt7xhOA7aBoLlNO1I7ENIwm6Jy6sPP7qbaU=
cloudeng.io/security v0.0.0-20251122012532-070b66c9803a h1:ISibsQE5gEM3iHoBFWs8v+61heiofG0aJNHV0df4dfU=
cloudeng.io/security v0.0.0-20251122012532-070b66c9803a/go.mod h1:Iq7eQRSrdt7xhOA7aBoLlNO1I7ENIwm6Jy6sPP7qbaU=
cloudeng.io/text v0.0.13 h1:ivKGX9ssgYKrXQt+csSOA/HTmsdbxrVUnkCQyikI7ok=
cloudeng.io/text v0.0.13/go.mod h1:6rDG6qEzGxe8ePNBz7VwSf0ps9p9ihDB/uXSFR0CJvk=
github.com/cloudengio/go-keychain v0.0.0-20251119184527-ddc7d2e1d0cb h1:1YMjGqR77dAg1Cu0ooIH7crlh75y/p7ry23bndtHojY=
github.com/cloudengio/go-keychain v0.0.0-20251119184527-ddc7d2e1d0cb/go.mod h1:hGaE9Nd6EP9OJuiIvSaiB8dcX/RDTgkXRObngT649ng=
github.com/cloudengio/go-keychain v0.0.0-20251120230617-c4053f60cda7 h1:LgH6IfVJzTyEdvGxT3JwI3NHf6jJs5UJjmSbEMfjb0s=
github.com/cloudengio/go-keychain v0.0.0-20251120230617-c4053f60cda7/go.mod h1:hGaE9Nd6EP9OJuiIvSaiB8dcX/RDTgkXRObngT649ng=
github.com/jessevdk/go-flags v1.4.0/go.mod h1:4FA24M0QyGHXBuZZK/XkWh8h0e1EYbRYJSGM75WSRxI=
gopkg.in/check.v1 v0.0.0-20161208181325-20d25e280405 h1:yhCVgyC4o1eVCa2tZl7eS0r+SDo693bJlVdllGtEeKM=
gopkg.in/check.v1 v0.0.0-20161208181325-20d25e280405/go.mod h1:Co6ibVJAznAaIkqp8huTwlJQCZ016jof/cbN4VW5Yz0=
gopkg.in/yaml.v1 v1.0.0-20140924161607-9f9df34309c0/go.mod h1:WDnlLJ4WF5VGsH/HVa3CI79GS0ol3YnhVnKP89i0kNg=
gopkg.in/yaml.v3 v3.0.1 h1:fxVm/GzAzEWqLHuvctI91KS9hhNmmWOoWu0XTYJS7CA=
gopkg.in/yaml.v3 v3.0.1/go.mod h1:K4uyk7z7BCEPqu6E+C64Yfv1cQ7kz7rIZviUmN+EgEM=
howett.net/plist v1.0.1 h1:37GdZ8tP09Q35o9ych3ehygcsL+HqKSwzctveSlarvM=
howett.net/plist v1.0.1/go.mod h1:lqaXoTrLY4hg8tnEzNru53gicrbv7rrk+2xJA/7hw9g=
